{
    "name": "branch-counter",
    "version": "0.0.1",
    "lockfileVersion": 1,
    "requires": true,
    "dependencies": {
        "commander": {
            "version": "2.16.0",
            "resolved": "https://registry.npmjs.org/commander/-/commander-2.16.0.tgz",
            "integrity": "sha512-sVXqklSaotK9at437sFlFpyOcJonxe0yST/AG9DkQKUdIE6IqGIMv4SfAQSKaJbSdVEJYItASCrBiVQHq1HQew=="
        },
        "fs": {
            "version": "0.0.1-security",
            "resolved": "https://registry.npmjs.org/fs/-/fs-0.0.1-security.tgz",
            "integrity": "sha1-invTcYa23d84E/I4WLV+yq9eQdQ="
        },
        "nan": {
            "version": "2.10.0",
            "resolved": "https://registry.npmjs.org/nan/-/nan-2.10.0.tgz",
            "integrity": "sha512-bAdJv7fBLhWC+/Bls0Oza+mvTaNQtP+1RyhhhvD95pgUJz6XM5IzgmxOkItJ9tkoCiplvAnXI1tNmmUD/eScyA=="
        },
        "oid": {
            "version": "1.2.0",
            "resolved": "https://registry.npmjs.org/oid/-/oid-1.2.0.tgz",
            "integrity": "sha1-xRCOvgUdotUAA0vjDw5d73mwQDI=",
            "requires": {
                "nan": "^2.0.5"
            }
        },
        "source-map": {
            "version": "0.6.1",
            "resolved": "https://registry.npmjs.org/source-map/-/source-map-0.6.1.tgz",
            "integrity": "sha512-UjgapumWlbMhkBgzT7Ykc5YXUT46F0iKu8SGXq0bcwP5dz/h0Plj6enJqjz1Zbq2l5WaqYnrVbwWOWMyF3F47g=="
        },
        "uglify-js": {
            "version": "3.4.5",
            "resolved": "https://registry.npmjs.org/uglify-js/-/uglify-js-3.4.5.tgz",
            "integrity": "sha512-Fm52gLqJqFBnT+Sn411NPDnsgaWiYeRLw42x7Va/mS8TKgaepwoGY7JLXHSEef3d3PmdFXSz1Zx7KMLL89E2QA==",
            "requires": {
                "commander": "~2.16.0",
                "source-map": "~0.6.1"
            }
        }
    }
}
